
Microsoft Visual Studio Solution File, Format Version 12.00
# Visual Studio Version 17
VisualStudioVersion = 17.11.35312.102
MinimumVisualStudioVersion = 10.0.40219.1
Project("{9A19103F-16F7-4668-BE54-9A1E7A4F7556}") = "Pustok.MVC", "Pustok.MVC\Pustok.MVC.csproj", "{5C5E0E3B-D49A-4D7E-8E7C-55E3D5AB92EF}"
EndProject
Project("{9A19103F-16F7-4668-BE54-9A1E7A4F7556}") = "Pustok.DAL", "Pustok.DAL\Pustok.DAL.csproj", "{3A847AC4-13FB-4324-B543-DB8408BBD519}"
EndProject
Project("{9A19103F-16F7-4668-BE54-9A1E7A4F7556}") = "Pustok.BLL", "Pustok.BLL\Pustok.BLL.csproj", "{0EF20400-9FF7-43BF-8CC2-1660655931E4}"
EndProject
Global
	GlobalSection(SolutionConfigurationPlatforms) = preSolution
		Debug|Any CPU = Debug|Any CPU
		Release|Any CPU = Release|Any CPU
	EndGlobalSection
	GlobalSection(ProjectConfigurationPlatforms) = postSolution
		{5C5E0E3B-D49A-4D7E-8E7C-55E3D5AB92EF}.Debug|Any CPU.ActiveCfg = Debug|Any CPU
		{5C5E0E3B-D49A-4D7E-8E7C-55E3D5AB92EF}.Debug|Any CPU.Build.0 = Debug|Any CPU
		{5C5E0E3B-D49A-4D7E-8E7C-55E3D5AB92EF}.Release|Any CPU.ActiveCfg = Release|Any CPU
		{5C5E0E3B-D49A-4D7E-8E7C-55E3D5AB92EF}.Release|Any CPU.Build.0 = Release|Any CPU
		{3A847AC4-13FB-4324-B543-DB8408BBD519}.Debug|Any CPU.ActiveCfg = Debug|Any CPU
		{3A847AC4-13FB-4324-B543-DB8408BBD519}.Debug|Any CPU.Build.0 = Debug|Any CPU
		{3A847AC4-13FB-4324-B543-DB8408BBD519}.Release|Any CPU.ActiveCfg = Release|Any CPU
		{3A847AC4-13FB-4324-B543-DB8408BBD519}.Release|Any CPU.Build.0 = Release|Any CPU
		{0EF20400-9FF7-43BF-8CC2-1660655931E4}.Debug|Any CPU.ActiveCfg = Debug|Any CPU
		{0EF20400-9FF7-43BF-8CC2-1660655931E4}.Debug|Any CPU.Build.0 = Debug|Any CPU
		{0EF20400-9FF7-43BF-8CC2-1660655931E4}.Release|Any CPU.ActiveCfg = Release|Any CPU
		{0EF20400-9FF7-43BF-8CC2-1660655931E4}.Release|Any CPU.Build.0 = Release|Any CPU
	EndGlobalSection
	GlobalSection(SolutionProperties) = preSolution
		HideSolutionNode = FALSE
	EndGlobalSection
	GlobalSection(ExtensibilityGlobals) = postSolution
		SolutionGuid = {55377679-2A81-4B50-8B8D-24CC240A570F}
	EndGlobalSection
EndGlobal
